
Microsoft Visual Studio Solution File, Format Version 12.00
# Visual Studio Version 17
VisualStudioVersion = 17.5.33530.505
MinimumVisualStudioVersion = 10.0.40219.1
Project("{FAE04EC0-301F-11D3-BF4B-00C04F79EFBC}") = "MVClanches", "MVClanches\MVClanches.csproj", "{284E9B90-F643-4082-96E4-F4432BE009A8}"
EndProject
Global
	GlobalSection(SolutionConfigurationPlatforms) = preSolution
		Debug|Any CPU = Debug|Any CPU
		Release|Any CPU = Release|Any CPU
	EndGlobalSection
	GlobalSection(ProjectConfigurationPlatforms) = postSolution
		{284E9B90-F643-4082-96E4-F4432BE009A8}.Debug|Any CPU.ActiveCfg = Debug|Any CPU
		{284E9B90-F643-4082-96E4-F4432BE009A8}.Debug|Any CPU.Build.0 = Debug|Any CPU
		{284E9B90-F643-4082-96E4-F4432BE009A8}.Release|Any CPU.ActiveCfg = Release|Any CPU
		{284E9B90-F643-4082-96E4-F4432BE009A8}.Release|Any CPU.Build.0 = Release|Any CPU
	EndGlobalSection
	GlobalSection(SolutionProperties) = preSolution
		HideSolutionNode = FALSE
	EndGlobalSection
	GlobalSection(ExtensibilityGlobals) = postSolution
		SolutionGuid = {1B99FD96-6698-4D61-9B50-1AC4FE1DEC49}
	EndGlobalSection
EndGlobal
